
Microsoft Visual Studio Solution File, Format Version 12.00
# Visual Studio Version 17
VisualStudioVersion = 17.3.32929.385
MinimumVisualStudioVersion = 10.0.40219.1
Project("{FAE04EC0-301F-11D3-BF4B-00C04F79EFBC}") = "ConsoleApp_tarde", "ConsoleApp_tarde\ConsoleApp_tarde.csproj", "{39D38612-12A6-4CDF-862C-3A0E87195463}"
EndProject
Global
	GlobalSection(SolutionConfigurationPlatforms) = preSolution
		Debug|Any CPU = Debug|Any CPU
		Release|Any CPU = Release|Any CPU
	EndGlobalSection
	GlobalSection(ProjectConfigurationPlatforms) = postSolution
		{39D38612-12A6-4CDF-862C-3A0E87195463}.Debug|Any CPU.ActiveCfg = Debug|Any CPU
		{39D38612-12A6-4CDF-862C-3A0E87195463}.Debug|Any CPU.Build.0 = Debug|Any CPU
		{39D38612-12A6-4CDF-862C-3A0E87195463}.Release|Any CPU.ActiveCfg = Release|Any CPU
		{39D38612-12A6-4CDF-862C-3A0E87195463}.Release|Any CPU.Build.0 = Release|Any CPU
	EndGlobalSection
	GlobalSection(SolutionProperties) = preSolution
		HideSolutionNode = FALSE
	EndGlobalSection
	GlobalSection(ExtensibilityGlobals) = postSolution
		SolutionGuid = {C9D93CD4-6822-4789-A44A-BC79A7ABE77C}
	EndGlobalSection
EndGlobal
